<Solution>
  <Folder Name="/src/">
    <Project Path="src/DataModel/DataModel.csproj" />
    <Project Path="src/Web/Web.csproj" />
  </Folder>
  <Folder Name="/tests/">
    <Project Path="tests/DataModel.Tests/DataModel.Tests.csproj" />
    <Project Path="tests/Web.Tests/Web.Tests.csproj" />
  </Folder>
</Solution>
